
Microsoft Visual Studio Solution File, Format Version 12.00
# Visual Studio Version 16
VisualStudioVersion = 16.0.31624.102
MinimumVisualStudioVersion = 10.0.40219.1
Project("{2150E333-8FDC-42A3-9474-1A3956D46DE8}") = "Services", "Services", "{D4CA3578-4148-4C56-AF6B-B13F531D5D9E}"
EndProject
Project("{2150E333-8FDC-42A3-9474-1A3956D46DE8}") = "Catalog", "Catalog", "{49ED66AF-5D21-4652-BD9F-A237FDF11FAA}"
EndProject
Project("{9A19103F-16F7-4668-BE54-9A1E7A4F7556}") = "Catalog.API", "Services\Catalog\Catalog.API\Catalog.API.csproj", "{D2D4E60D-9F7F-47C5-9035-C9149D605501}"
EndProject
Project("{E53339B2-1760-4266-BCC7-CA923CBCF16C}") = "docker-compose", "docker-compose.dcproj", "{61EC4CB8-1A16-41C4-86A8-FEB1136E3AD2}"
EndProject
Project("{2150E333-8FDC-42A3-9474-1A3956D46DE8}") = "Basket", "Basket", "{34107828-C207-4F82-BE0F-6A34CCE054F1}"
EndProject
Project("{9A19103F-16F7-4668-BE54-9A1E7A4F7556}") = "Basket.API", "Services\Basket\Basket.API\Basket.API.csproj", "{0B53F20A-37FF-48AD-859D-C5C7885B93DB}"
EndProject
Project("{2150E333-8FDC-42A3-9474-1A3956D46DE8}") = "Discount", "Discount", "{3F1C2F6C-2993-4628-ACCE-7A04E4A27081}"
EndProject
Project("{9A19103F-16F7-4668-BE54-9A1E7A4F7556}") = "Discount.API", "Services\Discount\Discount.API\Discount.API.csproj", "{1A129EF6-512F-42A4-872B-D91E33660CC6}"
EndProject
Project("{9A19103F-16F7-4668-BE54-9A1E7A4F7556}") = "Discount.Grpc", "Services\Discount\Discount.Grpc\Discount.Grpc.csproj", "{FA062986-79BD-4413-8537-8032697CC177}"
EndProject
Project("{2150E333-8FDC-42A3-9474-1A3956D46DE8}") = "Ordering", "Ordering", "{CB3224C7-2522-48E4-A07A-D0DF2A367DAF}"
EndProject
Project("{9A19103F-16F7-4668-BE54-9A1E7A4F7556}") = "Ordering.API", "Services\Ordering\Ordering.API\Ordering.API.csproj", "{F7A21A50-F077-43CE-925B-B511B4686A15}"
EndProject
Project("{9A19103F-16F7-4668-BE54-9A1E7A4F7556}") = "Ordering.Domain", "Services\Ordering\Ordering.Domain\Ordering.Domain.csproj", "{61E50D49-5228-4F8D-985C-FBA3CB0092F9}"
EndProject
Project("{9A19103F-16F7-4668-BE54-9A1E7A4F7556}") = "Ordering.Application", "Services\Ordering\Ordering.Application\Ordering.Application.csproj", "{45074A8E-8627-4FFE-BE59-D6C84164FF74}"
EndProject
Project("{9A19103F-16F7-4668-BE54-9A1E7A4F7556}") = "Ordering.Infrastructure", "Services\Ordering\Ordering.Infrastructure\Ordering.Infrastructure.csproj", "{DC7A88D0-E89E-4652-9FA6-228D96127E08}"
EndProject
Project("{2150E333-8FDC-42A3-9474-1A3956D46DE8}") = "BuildingBlocks", "BuildingBlocks", "{0B5C707F-894C-4D86-A38F-6BA0258C236B}"
EndProject
Project("{FAE04EC0-301F-11D3-BF4B-00C04F79EFBC}") = "Event.Messages", "BuildingBlocks\Event.Messages\Event.Messages.csproj", "{F1CB2A2E-81EF-40A0-AF48-5EABE924FB7A}"
EndProject
Global
	GlobalSection(SolutionConfigurationPlatforms) = preSolution
		Debug|Any CPU = Debug|Any CPU
		Release|Any CPU = Release|Any CPU
	EndGlobalSection
	GlobalSection(ProjectConfigurationPlatforms) = postSolution
		{D2D4E60D-9F7F-47C5-9035-C9149D605501}.Debug|Any CPU.ActiveCfg = Debug|Any CPU
		{D2D4E60D-9F7F-47C5-9035-C9149D605501}.Debug|Any CPU.Build.0 = Debug|Any CPU
		{D2D4E60D-9F7F-47C5-9035-C9149D605501}.Release|Any CPU.ActiveCfg = Release|Any CPU
		{D2D4E60D-9F7F-47C5-9035-C9149D605501}.Release|Any CPU.Build.0 = Release|Any CPU
		{61EC4CB8-1A16-41C4-86A8-FEB1136E3AD2}.Debug|Any CPU.ActiveCfg = Debug|Any CPU
		{61EC4CB8-1A16-41C4-86A8-FEB1136E3AD2}.Debug|Any CPU.Build.0 = Debug|Any CPU
		{61EC4CB8-1A16-41C4-86A8-FEB1136E3AD2}.Release|Any CPU.ActiveCfg = Release|Any CPU
		{61EC4CB8-1A16-41C4-86A8-FEB1136E3AD2}.Release|Any CPU.Build.0 = Release|Any CPU
		{0B53F20A-37FF-48AD-859D-C5C7885B93DB}.Debug|Any CPU.ActiveCfg = Debug|Any CPU
		{0B53F20A-37FF-48AD-859D-C5C7885B93DB}.Debug|Any CPU.Build.0 = Debug|Any CPU
		{0B53F20A-37FF-48AD-859D-C5C7885B93DB}.Release|Any CPU.ActiveCfg = Release|Any CPU
		{0B53F20A-37FF-48AD-859D-C5C7885B93DB}.Release|Any CPU.Build.0 = Release|Any CPU
		{1A129EF6-512F-42A4-872B-D91E33660CC6}.Debug|Any CPU.ActiveCfg = Debug|Any CPU
		{1A129EF6-512F-42A4-872B-D91E33660CC6}.Debug|Any CPU.Build.0 = Debug|Any CPU
		{1A129EF6-512F-42A4-872B-D91E33660CC6}.Release|Any CPU.ActiveCfg = Release|Any CPU
		{1A129EF6-512F-42A4-872B-D91E33660CC6}.Release|Any CPU.Build.0 = Release|Any CPU
		{FA062986-79BD-4413-8537-8032697CC177}.Debug|Any CPU.ActiveCfg = Debug|Any CPU
		{FA062986-79BD-4413-8537-8032697CC177}.Debug|Any CPU.Build.0 = Debug|Any CPU
		{FA062986-79BD-4413-8537-8032697CC177}.Release|Any CPU.ActiveCfg = Release|Any CPU
		{FA062986-79BD-4413-8537-8032697CC177}.Release|Any CPU.Build.0 = Release|Any CPU
		{F7A21A50-F077-43CE-925B-B511B4686A15}.Debug|Any CPU.ActiveCfg = Debug|Any CPU
		{F7A21A50-F077-43CE-925B-B511B4686A15}.Debug|Any CPU.Build.0 = Debug|Any CPU
		{F7A21A50-F077-43CE-925B-B511B4686A15}.Release|Any CPU.ActiveCfg = Release|Any CPU
		{F7A21A50-F077-43CE-925B-B511B4686A15}.Release|Any CPU.Build.0 = Release|Any CPU
		{61E50D49-5228-4F8D-985C-FBA3CB0092F9}.Debug|Any CPU.ActiveCfg = Debug|Any CPU
		{61E50D49-5228-4F8D-985C-FBA3CB0092F9}.Debug|Any CPU.Build.0 = Debug|Any CPU
		{61E50D49-5228-4F8D-985C-FBA3CB0092F9}.Release|Any CPU.ActiveCfg = Release|Any CPU
		{61E50D49-5228-4F8D-985C-FBA3CB0092F9}.Release|Any CPU.Build.0 = Release|Any CPU
		{45074A8E-8627-4FFE-BE59-D6C84164FF74}.Debug|Any CPU.ActiveCfg = Debug|Any CPU
		{45074A8E-8627-4FFE-BE59-D6C84164FF74}.Debug|Any CPU.Build.0 = Debug|Any CPU
		{45074A8E-8627-4FFE-BE59-D6C84164FF74}.Release|Any CPU.ActiveCfg = Release|Any CPU
		{45074A8E-8627-4FFE-BE59-D6C84164FF74}.Release|Any CPU.Build.0 = Release|Any CPU
		{DC7A88D0-E89E-4652-9FA6-228D96127E08}.Debug|Any CPU.ActiveCfg = Debug|Any CPU
		{DC7A88D0-E89E-4652-9FA6-228D96127E08}.Debug|Any CPU.Build.0 = Debug|Any CPU
		{DC7A88D0-E89E-4652-9FA6-228D96127E08}.Release|Any CPU.ActiveCfg = Release|Any CPU
		{DC7A88D0-E89E-4652-9FA6-228D96127E08}.Release|Any CPU.Build.0 = Release|Any CPU
		{F1CB2A2E-81EF-40A0-AF48-5EABE924FB7A}.Debug|Any CPU.ActiveCfg = Debug|Any CPU
		{F1CB2A2E-81EF-40A0-AF48-5EABE924FB7A}.Debug|Any CPU.Build.0 = Debug|Any CPU
		{F1CB2A2E-81EF-40A0-AF48-5EABE924FB7A}.Release|Any CPU.ActiveCfg = Release|Any CPU
		{F1CB2A2E-81EF-40A0-AF48-5EABE924FB7A}.Release|Any CPU.Build.0 = Release|Any CPU
	EndGlobalSection
	GlobalSection(SolutionProperties) = preSolution
		HideSolutionNode = FALSE
	EndGlobalSection
	GlobalSection(NestedProjects) = preSolution
		{49ED66AF-5D21-4652-BD9F-A237FDF11FAA} = {D4CA3578-4148-4C56-AF6B-B13F531D5D9E}
		{D2D4E60D-9F7F-47C5-9035-C9149D605501} = {49ED66AF-5D21-4652-BD9F-A237FDF11FAA}
		{34107828-C207-4F82-BE0F-6A34CCE054F1} = {D4CA3578-4148-4C56-AF6B-B13F531D5D9E}
		{0B53F20A-37FF-48AD-859D-C5C7885B93DB} = {34107828-C207-4F82-BE0F-6A34CCE054F1}
		{3F1C2F6C-2993-4628-ACCE-7A04E4A27081} = {D4CA3578-4148-4C56-AF6B-B13F531D5D9E}
		{1A129EF6-512F-42A4-872B-D91E33660CC6} = {3F1C2F6C-2993-4628-ACCE-7A04E4A27081}
		{FA062986-79BD-4413-8537-8032697CC177} = {3F1C2F6C-2993-4628-ACCE-7A04E4A27081}
		{CB3224C7-2522-48E4-A07A-D0DF2A367DAF} = {D4CA3578-4148-4C56-AF6B-B13F531D5D9E}
		{F7A21A50-F077-43CE-925B-B511B4686A15} = {CB3224C7-2522-48E4-A07A-D0DF2A367DAF}
		{61E50D49-5228-4F8D-985C-FBA3CB0092F9} = {CB3224C7-2522-48E4-A07A-D0DF2A367DAF}
		{45074A8E-8627-4FFE-BE59-D6C84164FF74} = {CB3224C7-2522-48E4-A07A-D0DF2A367DAF}
		{DC7A88D0-E89E-4652-9FA6-228D96127E08} = {CB3224C7-2522-48E4-A07A-D0DF2A367DAF}
		{F1CB2A2E-81EF-40A0-AF48-5EABE924FB7A} = {0B5C707F-894C-4D86-A38F-6BA0258C236B}
	EndGlobalSection
	GlobalSection(ExtensibilityGlobals) = postSolution
		SolutionGuid = {C099E7BF-6A95-4B3F-8ACB-75EDCEB8DB07}
	EndGlobalSection
EndGlobal
